
Microsoft Visual Studio Solution File, Format Version 12.00
Project("{FAE04EC0-301F-11D3-BF4B-00C04F79EFBC}") = "LAB2part1", "LAB2part1\LAB2part1.csproj", "{C01A3DD7-A816-4A90-ADE0-B8ED5D6B5FAC}"
EndProject
Project("{FAE04EC0-301F-11D3-BF4B-00C04F79EFBC}") = "LAB2part2", "LAB2part2\LAB2part2.csproj", "{E274F334-39AB-4356-BC25-3CB9FF5907EA}"
EndProject
Project("{FAE04EC0-301F-11D3-BF4B-00C04F79EFBC}") = "LAB2part3", "LAB2part3\LAB2part3.csproj", "{468400AA-41B1-4332-89D3-7D1E5B0FB5A0}"
EndProject
Project("{FAE04EC0-301F-11D3-BF4B-00C04F79EFBC}") = "LAB2part4", "LAB2part4\LAB2part4.csproj", "{FCA84F2A-0107-4A6F-A499-43F3CF4D7B1E}"
EndProject
Project("{FAE04EC0-301F-11D3-BF4B-00C04F79EFBC}") = "LAB3part1", "LAB3part1\LAB3part1.csproj", "{10835F34-C5E2-4190-AC57-71AFC42CAE97}"
EndProject
Project("{FAE04EC0-301F-11D3-BF4B-00C04F79EFBC}") = "LAB3part2", "LAB3part2\LAB3part2.csproj", "{6B064633-047A-4138-91C1-4C4783F0B3E4}"
EndProject
Project("{FAE04EC0-301F-11D3-BF4B-00C04F79EFBC}") = "LAB4part1", "LAB4part1\LAB4part1.csproj", "{B2DF85D2-B7A5-47CE-BF37-A56ACBD44210}"
EndProject
Project("{FAE04EC0-301F-11D3-BF4B-00C04F79EFBC}") = "LAB4part2", "LAB4part2\LAB4part2.csproj", "{87D511DD-4F15-434B-8B76-79E46FA85E52}"
EndProject
Project("{FAE04EC0-301F-11D3-BF4B-00C04F79EFBC}") = "LAB4part3", "LAB4part3\LAB4part3.csproj", "{DFCADBF0-415D-49DB-B253-0327AF947353}"
EndProject
Project("{FAE04EC0-301F-11D3-BF4B-00C04F79EFBC}") = "LAB5part1", "LAB5part1\LAB5part1.csproj", "{F998D50B-B253-472E-8E39-409A1D072661}"
EndProject
Global
	GlobalSection(SolutionConfigurationPlatforms) = preSolution
		Debug|Any CPU = Debug|Any CPU
		Release|Any CPU = Release|Any CPU
	EndGlobalSection
	GlobalSection(ProjectConfigurationPlatforms) = postSolution
		{C01A3DD7-A816-4A90-ADE0-B8ED5D6B5FAC}.Debug|Any CPU.ActiveCfg = Debug|Any CPU
		{C01A3DD7-A816-4A90-ADE0-B8ED5D6B5FAC}.Debug|Any CPU.Build.0 = Debug|Any CPU
		{C01A3DD7-A816-4A90-ADE0-B8ED5D6B5FAC}.Release|Any CPU.ActiveCfg = Release|Any CPU
		{C01A3DD7-A816-4A90-ADE0-B8ED5D6B5FAC}.Release|Any CPU.Build.0 = Release|Any CPU
		{E274F334-39AB-4356-BC25-3CB9FF5907EA}.Debug|Any CPU.ActiveCfg = Debug|Any CPU
		{E274F334-39AB-4356-BC25-3CB9FF5907EA}.Debug|Any CPU.Build.0 = Debug|Any CPU
		{E274F334-39AB-4356-BC25-3CB9FF5907EA}.Release|Any CPU.ActiveCfg = Release|Any CPU
		{E274F334-39AB-4356-BC25-3CB9FF5907EA}.Release|Any CPU.Build.0 = Release|Any CPU
		{468400AA-41B1-4332-89D3-7D1E5B0FB5A0}.Debug|Any CPU.ActiveCfg = Debug|Any CPU
		{468400AA-41B1-4332-89D3-7D1E5B0FB5A0}.Debug|Any CPU.Build.0 = Debug|Any CPU
		{468400AA-41B1-4332-89D3-7D1E5B0FB5A0}.Release|Any CPU.ActiveCfg = Release|Any CPU
		{468400AA-41B1-4332-89D3-7D1E5B0FB5A0}.Release|Any CPU.Build.0 = Release|Any CPU
		{FCA84F2A-0107-4A6F-A499-43F3CF4D7B1E}.Debug|Any CPU.ActiveCfg = Debug|Any CPU
		{FCA84F2A-0107-4A6F-A499-43F3CF4D7B1E}.Debug|Any CPU.Build.0 = Debug|Any CPU
		{FCA84F2A-0107-4A6F-A499-43F3CF4D7B1E}.Release|Any CPU.ActiveCfg = Release|Any CPU
		{FCA84F2A-0107-4A6F-A499-43F3CF4D7B1E}.Release|Any CPU.Build.0 = Release|Any CPU
		{10835F34-C5E2-4190-AC57-71AFC42CAE97}.Debug|Any CPU.ActiveCfg = Debug|Any CPU
		{10835F34-C5E2-4190-AC57-71AFC42CAE97}.Debug|Any CPU.Build.0 = Debug|Any CPU
		{10835F34-C5E2-4190-AC57-71AFC42CAE97}.Release|Any CPU.ActiveCfg = Release|Any CPU
		{10835F34-C5E2-4190-AC57-71AFC42CAE97}.Release|Any CPU.Build.0 = Release|Any CPU
		{6B064633-047A-4138-91C1-4C4783F0B3E4}.Debug|Any CPU.ActiveCfg = Debug|Any CPU
		{6B064633-047A-4138-91C1-4C4783F0B3E4}.Debug|Any CPU.Build.0 = Debug|Any CPU
		{6B064633-047A-4138-91C1-4C4783F0B3E4}.Release|Any CPU.ActiveCfg = Release|Any CPU
		{6B064633-047A-4138-91C1-4C4783F0B3E4}.Release|Any CPU.Build.0 = Release|Any CPU
		{B2DF85D2-B7A5-47CE-BF37-A56ACBD44210}.Debug|Any CPU.ActiveCfg = Debug|Any CPU
		{B2DF85D2-B7A5-47CE-BF37-A56ACBD44210}.Debug|Any CPU.Build.0 = Debug|Any CPU
		{B2DF85D2-B7A5-47CE-BF37-A56ACBD44210}.Release|Any CPU.ActiveCfg = Release|Any CPU
		{B2DF85D2-B7A5-47CE-BF37-A56ACBD44210}.Release|Any CPU.Build.0 = Release|Any CPU
		{87D511DD-4F15-434B-8B76-79E46FA85E52}.Debug|Any CPU.ActiveCfg = Debug|Any CPU
		{87D511DD-4F15-434B-8B76-79E46FA85E52}.Debug|Any CPU.Build.0 = Debug|Any CPU
		{87D511DD-4F15-434B-8B76-79E46FA85E52}.Release|Any CPU.ActiveCfg = Release|Any CPU
		{87D511DD-4F15-434B-8B76-79E46FA85E52}.Release|Any CPU.Build.0 = Release|Any CPU
		{DFCADBF0-415D-49DB-B253-0327AF947353}.Debug|Any CPU.ActiveCfg = Debug|Any CPU
		{DFCADBF0-415D-49DB-B253-0327AF947353}.Debug|Any CPU.Build.0 = Debug|Any CPU
		{DFCADBF0-415D-49DB-B253-0327AF947353}.Release|Any CPU.ActiveCfg = Release|Any CPU
		{DFCADBF0-415D-49DB-B253-0327AF947353}.Release|Any CPU.Build.0 = Release|Any CPU
		{F998D50B-B253-472E-8E39-409A1D072661}.Debug|Any CPU.ActiveCfg = Debug|Any CPU
		{F998D50B-B253-472E-8E39-409A1D072661}.Debug|Any CPU.Build.0 = Debug|Any CPU
		{F998D50B-B253-472E-8E39-409A1D072661}.Release|Any CPU.ActiveCfg = Release|Any CPU
		{F998D50B-B253-472E-8E39-409A1D072661}.Release|Any CPU.Build.0 = Release|Any CPU
	EndGlobalSection
EndGlobal
